
Microsoft Visual Studio Solution File, Format Version 12.00
# Visual Studio Version 16
VisualStudioVersion = 16.0.28803.156
MinimumVisualStudioVersion = 10.0.40219.1
Project("{8BC9CEB8-8B4A-11D0-8D11-00A0C91BC942}") = "DI_Demo_Program", "DI_Demo_Program\DI_Demo_Program.vcxproj", "{F2195152-2934-41A9-BDEC-8FB73E061F94}"
EndProject
Global
	GlobalSection(SolutionConfigurationPlatforms) = preSolution
		AL3001_13000|x64 = AL3001_13000|x64
		AL3001_13000|x86 = AL3001_13000|x86
		AL3010_AP3426|x64 = AL3010_AP3426|x64
		AL3010_AP3426|x86 = AL3010_AP3426|x86
		AL3042_10000|x64 = AL3042_10000|x64
		AL3042_10000|x86 = AL3042_10000|x86
		AL3092_10000|x64 = AL3092_10000|x64
		AL3092_10000|x86 = AL3092_10000|x86
		AL3092_10100|x64 = AL3092_10100|x64
		AL3092_10100|x86 = AL3092_10100|x86
		AL3092_10200|x64 = AL3092_10200|x64
		AL3092_10200|x86 = AL3092_10200|x86
		AL3320_13000|x64 = AL3320_13000|x64
		AL3320_13000|x86 = AL3320_13000|x86
		AP309M|x64 = AP309M|x64
		AP309M|x86 = AP309M|x86
		AP3172_6000|x64 = AP3172_6000|x64
		AP3172_6000|x86 = AP3172_6000|x86
		AP3220|x64 = AP3220|x64
		AP3220|x86 = AP3220|x86
		AP35AM_10100|x64 = AP35AM_10100|x64
		AP35AM_10100|x86 = AP35AM_10100|x86
		CP507C_2000|x64 = CP507C_2000|x64
		CP507C_2000|x86 = CP507C_2000|x86
		CS5032_10300|x64 = CS5032_10300|x64
		CS5032_10300|x86 = CS5032_10300|x86
		CS5072_6000|x64 = CS5072_6000|x64
		CS5072_6000|x86 = CS5072_6000|x86
		CS5092|x64 = CS5092|x64
		CS5092|x86 = CS5092|x86
		Debug|x64 = Debug|x64
		Debug|x86 = Debug|x86
		DI3135_10000|x64 = DI3135_10000|x64
		DI3135_10000|x86 = DI3135_10000|x86
		Holy_Stone|x64 = Holy_Stone|x64
		Holy_Stone|x86 = Holy_Stone|x86
		JWMCU_ICON|x64 = JWMCU_ICON|x64
		JWMCU_ICON|x86 = JWMCU_ICON|x86
		KEDE|x64 = KEDE|x64
		KEDE|x86 = KEDE|x86
		NPX_DEMO|x64 = NPX_DEMO|x64
		NPX_DEMO|x86 = NPX_DEMO|x86
		PX3028|x64 = PX3028|x64
		PX3028|x86 = PX3028|x86
		PX30BF|x64 = PX30BF|x64
		PX30BF|x86 = PX30BF|x86
		PX318J|x64 = PX318J|x64
		PX318J|x86 = PX318J|x86
		PX31BF|x64 = PX31BF|x64
		PX31BF|x86 = PX31BF|x86
		PX328J|x64 = PX328J|x64
		PX328J|x86 = PX328J|x86
		PX338N|x64 = PX338N|x64
		PX338N|x86 = PX338N|x86
		PX688R|x64 = PX688R|x64
		PX688R|x86 = PX688R|x86
		PXANALOG|x64 = PXANALOG|x64
		PXANALOG|x86 = PXANALOG|x86
		RD|x64 = RD|x64
		RD|x86 = RD|x86
		Release|x64 = Release|x64
		Release|x86 = Release|x86
		VCNL_DEMO|x64 = VCNL_DEMO|x64
		VCNL_DEMO|x86 = VCNL_DEMO|x86
	EndGlobalSection
	GlobalSection(ProjectConfigurationPlatforms) = postSolution
		{F2195152-2934-41A9-BDEC-8FB73E061F94}.AL3001_13000|x64.ActiveCfg = AL3001_13000|x64
		{F2195152-2934-41A9-BDEC-8FB73E061F94}.AL3001_13000|x64.Build.0 = AL3001_13000|x64
		{F2195152-2934-41A9-BDEC-8FB73E061F94}.AL3001_13000|x86.ActiveCfg = AL3001_13000|Win32
		{F2195152-2934-41A9-BDEC-8FB73E061F94}.AL3001_13000|x86.Build.0 = AL3001_13000|Win32
		{F2195152-2934-41A9-BDEC-8FB73E061F94}.AL3010_AP3426|x64.ActiveCfg = AL3010_AP3426|x64
		{F2195152-2934-41A9-BDEC-8FB73E061F94}.AL3010_AP3426|x64.Build.0 = AL3010_AP3426|x64
		{F2195152-2934-41A9-BDEC-8FB73E061F94}.AL3010_AP3426|x86.ActiveCfg = AL3010_AP3426|Win32
		{F2195152-2934-41A9-BDEC-8FB73E061F94}.AL3010_AP3426|x86.Build.0 = AL3010_AP3426|Win32
		{F2195152-2934-41A9-BDEC-8FB73E061F94}.AL3042_10000|x64.ActiveCfg = AL3042_10000|x64
		{F2195152-2934-41A9-BDEC-8FB73E061F94}.AL3042_10000|x64.Build.0 = AL3042_10000|x64
		{F2195152-2934-41A9-BDEC-8FB73E061F94}.AL3042_10000|x86.ActiveCfg = AL3042_10000|Win32
		{F2195152-2934-41A9-BDEC-8FB73E061F94}.AL3042_10000|x86.Build.0 = AL3042_10000|Win32
		{F2195152-2934-41A9-BDEC-8FB73E061F94}.AL3092_10000|x64.ActiveCfg = AL3092_10000|x64
		{F2195152-2934-41A9-BDEC-8FB73E061F94}.AL3092_10000|x64.Build.0 = AL3092_10000|x64
		{F2195152-2934-41A9-BDEC-8FB73E061F94}.AL3092_10000|x86.ActiveCfg = AL3092_10000|Win32
		{F2195152-2934-41A9-BDEC-8FB73E061F94}.AL3092_10000|x86.Build.0 = AL3092_10000|Win32
		{F2195152-2934-41A9-BDEC-8FB73E061F94}.AL3092_10100|x64.ActiveCfg = AL3092_10100|x64
		{F2195152-2934-41A9-BDEC-8FB73E061F94}.AL3092_10100|x64.Build.0 = AL3092_10100|x64
		{F2195152-2934-41A9-BDEC-8FB73E061F94}.AL3092_10100|x86.ActiveCfg = AL3092_10100|Win32
		{F2195152-2934-41A9-BDEC-8FB73E061F94}.AL3092_10100|x86.Build.0 = AL3092_10100|Win32
		{F2195152-2934-41A9-BDEC-8FB73E061F94}.AL3092_10200|x64.ActiveCfg = AL3092_10200|x64
		{F2195152-2934-41A9-BDEC-8FB73E061F94}.AL3092_10200|x64.Build.0 = AL3092_10200|x64
		{F2195152-2934-41A9-BDEC-8FB73E061F94}.AL3092_10200|x86.ActiveCfg = AL3092_10200|Win32
		{F2195152-2934-41A9-BDEC-8FB73E061F94}.AL3092_10200|x86.Build.0 = AL3092_10200|Win32
		{F2195152-2934-41A9-BDEC-8FB73E061F94}.AL3320_13000|x64.ActiveCfg = AL3320_13000|x64
		{F2195152-2934-41A9-BDEC-8FB73E061F94}.AL3320_13000|x64.Build.0 = AL3320_13000|x64
		{F2195152-2934-41A9-BDEC-8FB73E061F94}.AL3320_13000|x86.ActiveCfg = AL3320_13000|Win32
		{F2195152-2934-41A9-BDEC-8FB73E061F94}.AL3320_13000|x86.Build.0 = AL3320_13000|Win32
		{F2195152-2934-41A9-BDEC-8FB73E061F94}.AP309M|x64.ActiveCfg = AP309M|x64
		{F2195152-2934-41A9-BDEC-8FB73E061F94}.AP309M|x64.Build.0 = AP309M|x64
		{F2195152-2934-41A9-BDEC-8FB73E061F94}.AP309M|x86.ActiveCfg = AP309M|Win32
		{F2195152-2934-41A9-BDEC-8FB73E061F94}.AP309M|x86.Build.0 = AP309M|Win32
		{F2195152-2934-41A9-BDEC-8FB73E061F94}.AP3172_6000|x64.ActiveCfg = AP3172_6000|x64
		{F2195152-2934-41A9-BDEC-8FB73E061F94}.AP3172_6000|x64.Build.0 = AP3172_6000|x64
		{F2195152-2934-41A9-BDEC-8FB73E061F94}.AP3172_6000|x86.ActiveCfg = AP3172_6000|Win32
		{F2195152-2934-41A9-BDEC-8FB73E061F94}.AP3172_6000|x86.Build.0 = AP3172_6000|Win32
		{F2195152-2934-41A9-BDEC-8FB73E061F94}.AP3220|x64.ActiveCfg = AP3220|x64
		{F2195152-2934-41A9-BDEC-8FB73E061F94}.AP3220|x64.Build.0 = AP3220|x64
		{F2195152-2934-41A9-BDEC-8FB73E061F94}.AP3220|x86.ActiveCfg = AP3220|Win32
		{F2195152-2934-41A9-BDEC-8FB73E061F94}.AP3220|x86.Build.0 = AP3220|Win32
		{F2195152-2934-41A9-BDEC-8FB73E061F94}.AP35AM_10100|x64.ActiveCfg = AP35AM_10100|x64
		{F2195152-2934-41A9-BDEC-8FB73E061F94}.AP35AM_10100|x64.Build.0 = AP35AM_10100|x64
		{F2195152-2934-41A9-BDEC-8FB73E061F94}.AP35AM_10100|x86.ActiveCfg = AP35AM_10100|Win32
		{F2195152-2934-41A9-BDEC-8FB73E061F94}.AP35AM_10100|x86.Build.0 = AP35AM_10100|Win32
		{F2195152-2934-41A9-BDEC-8FB73E061F94}.CP507C_2000|x64.ActiveCfg = CP507C_2000|x64
		{F2195152-2934-41A9-BDEC-8FB73E061F94}.CP507C_2000|x64.Build.0 = CP507C_2000|x64
		{F2195152-2934-41A9-BDEC-8FB73E061F94}.CP507C_2000|x86.ActiveCfg = CP507C_2000|Win32
		{F2195152-2934-41A9-BDEC-8FB73E061F94}.CP507C_2000|x86.Build.0 = CP507C_2000|Win32
		{F2195152-2934-41A9-BDEC-8FB73E061F94}.CS5032_10300|x64.ActiveCfg = CS5032_10300|x64
		{F2195152-2934-41A9-BDEC-8FB73E061F94}.CS5032_10300|x64.Build.0 = CS5032_10300|x64
		{F2195152-2934-41A9-BDEC-8FB73E061F94}.CS5032_10300|x86.ActiveCfg = CS5032_10300|Win32
		{F2195152-2934-41A9-BDEC-8FB73E061F94}.CS5032_10300|x86.Build.0 = CS5032_10300|Win32
		{F2195152-2934-41A9-BDEC-8FB73E061F94}.CS5072_6000|x64.ActiveCfg = CS5072_6000|x64
		{F2195152-2934-41A9-BDEC-8FB73E061F94}.CS5072_6000|x64.Build.0 = CS5072_6000|x64
		{F2195152-2934-41A9-BDEC-8FB73E061F94}.CS5072_6000|x86.ActiveCfg = CS5072_6000|Win32
		{F2195152-2934-41A9-BDEC-8FB73E061F94}.CS5072_6000|x86.Build.0 = CS5072_6000|Win32
		{F2195152-2934-41A9-BDEC-8FB73E061F94}.CS5092|x64.ActiveCfg = CS5092|x64
		{F2195152-2934-41A9-BDEC-8FB73E061F94}.CS5092|x64.Build.0 = CS5092|x64
		{F2195152-2934-41A9-BDEC-8FB73E061F94}.CS5092|x86.ActiveCfg = CS5092|Win32
		{F2195152-2934-41A9-BDEC-8FB73E061F94}.CS5092|x86.Build.0 = CS5092|Win32
		{F2195152-2934-41A9-BDEC-8FB73E061F94}.Debug|x64.ActiveCfg = Debug|x64
		{F2195152-2934-41A9-BDEC-8FB73E061F94}.Debug|x64.Build.0 = Debug|x64
		{F2195152-2934-41A9-BDEC-8FB73E061F94}.Debug|x86.ActiveCfg = Debug|Win32
		{F2195152-2934-41A9-BDEC-8FB73E061F94}.Debug|x86.Build.0 = Debug|Win32
		{F2195152-2934-41A9-BDEC-8FB73E061F94}.DI3135_10000|x64.ActiveCfg = DI3135_10000|x64
		{F2195152-2934-41A9-BDEC-8FB73E061F94}.DI3135_10000|x64.Build.0 = DI3135_10000|x64
		{F2195152-2934-41A9-BDEC-8FB73E061F94}.DI3135_10000|x86.ActiveCfg = DI3135_10000|Win32
		{F2195152-2934-41A9-BDEC-8FB73E061F94}.DI3135_10000|x86.Build.0 = DI3135_10000|Win32
		{F2195152-2934-41A9-BDEC-8FB73E061F94}.Holy_Stone|x64.ActiveCfg = Holy_Stone|x64
		{F2195152-2934-41A9-BDEC-8FB73E061F94}.Holy_Stone|x64.Build.0 = Holy_Stone|x64
		{F2195152-2934-41A9-BDEC-8FB73E061F94}.Holy_Stone|x86.ActiveCfg = Holy_Stone|Win32
		{F2195152-2934-41A9-BDEC-8FB73E061F94}.Holy_Stone|x86.Build.0 = Holy_Stone|Win32
		{F2195152-2934-41A9-BDEC-8FB73E061F94}.JWMCU_ICON|x64.ActiveCfg = JWMCU_ICON|x64
		{F2195152-2934-41A9-BDEC-8FB73E061F94}.JWMCU_ICON|x64.Build.0 = JWMCU_ICON|x64
		{F2195152-2934-41A9-BDEC-8FB73E061F94}.JWMCU_ICON|x86.ActiveCfg = JWMCU_ICON|Win32
		{F2195152-2934-41A9-BDEC-8FB73E061F94}.JWMCU_ICON|x86.Build.0 = JWMCU_ICON|Win32
		{F2195152-2934-41A9-BDEC-8FB73E061F94}.KEDE|x64.ActiveCfg = KEDE|x64
		{F2195152-2934-41A9-BDEC-8FB73E061F94}.KEDE|x64.Build.0 = KEDE|x64
		{F2195152-2934-41A9-BDEC-8FB73E061F94}.KEDE|x86.ActiveCfg = KEDE|Win32
		{F2195152-2934-41A9-BDEC-8FB73E061F94}.KEDE|x86.Build.0 = KEDE|Win32
		{F2195152-2934-41A9-BDEC-8FB73E061F94}.NPX_DEMO|x64.ActiveCfg = NPX_DEMO|x64
		{F2195152-2934-41A9-BDEC-8FB73E061F94}.NPX_DEMO|x64.Build.0 = NPX_DEMO|x64
		{F2195152-2934-41A9-BDEC-8FB73E061F94}.NPX_DEMO|x86.ActiveCfg = Release|Win32
		{F2195152-2934-41A9-BDEC-8FB73E061F94}.NPX_DEMO|x86.Build.0 = Release|Win32
		{F2195152-2934-41A9-BDEC-8FB73E061F94}.PX3028|x64.ActiveCfg = PX3028|x64
		{F2195152-2934-41A9-BDEC-8FB73E061F94}.PX3028|x64.Build.0 = PX3028|x64
		{F2195152-2934-41A9-BDEC-8FB73E061F94}.PX3028|x86.ActiveCfg = PX3028|Win32
		{F2195152-2934-41A9-BDEC-8FB73E061F94}.PX3028|x86.Build.0 = PX3028|Win32
		{F2195152-2934-41A9-BDEC-8FB73E061F94}.PX30BF|x64.ActiveCfg = PX30BF|x64
		{F2195152-2934-41A9-BDEC-8FB73E061F94}.PX30BF|x64.Build.0 = PX30BF|x64
		{F2195152-2934-41A9-BDEC-8FB73E061F94}.PX30BF|x86.ActiveCfg = PX30BF|Win32
		{F2195152-2934-41A9-BDEC-8FB73E061F94}.PX30BF|x86.Build.0 = PX30BF|Win32
		{F2195152-2934-41A9-BDEC-8FB73E061F94}.PX318J|x64.ActiveCfg = PX318J|x64
		{F2195152-2934-41A9-BDEC-8FB73E061F94}.PX318J|x64.Build.0 = PX318J|x64
		{F2195152-2934-41A9-BDEC-8FB73E061F94}.PX318J|x86.ActiveCfg = PX318J|Win32
		{F2195152-2934-41A9-BDEC-8FB73E061F94}.PX318J|x86.Build.0 = PX318J|Win32
		{F2195152-2934-41A9-BDEC-8FB73E061F94}.PX31BF|x64.ActiveCfg = PX31BF|x64
		{F2195152-2934-41A9-BDEC-8FB73E061F94}.PX31BF|x64.Build.0 = PX31BF|x64
		{F2195152-2934-41A9-BDEC-8FB73E061F94}.PX31BF|x86.ActiveCfg = PX31BF|Win32
		{F2195152-2934-41A9-BDEC-8FB73E061F94}.PX31BF|x86.Build.0 = PX31BF|Win32
		{F2195152-2934-41A9-BDEC-8FB73E061F94}.PX328J|x64.ActiveCfg = PX328J|x64
		{F2195152-2934-41A9-BDEC-8FB73E061F94}.PX328J|x64.Build.0 = PX328J|x64
		{F2195152-2934-41A9-BDEC-8FB73E061F94}.PX328J|x86.ActiveCfg = PX328J|Win32
		{F2195152-2934-41A9-BDEC-8FB73E061F94}.PX328J|x86.Build.0 = PX328J|Win32
		{F2195152-2934-41A9-BDEC-8FB73E061F94}.PX338N|x64.ActiveCfg = PX338N|x64
		{F2195152-2934-41A9-BDEC-8FB73E061F94}.PX338N|x64.Build.0 = PX338N|x64
		{F2195152-2934-41A9-BDEC-8FB73E061F94}.PX338N|x86.ActiveCfg = PX338N|Win32
		{F2195152-2934-41A9-BDEC-8FB73E061F94}.PX338N|x86.Build.0 = PX338N|Win32
		{F2195152-2934-41A9-BDEC-8FB73E061F94}.PX688R|x64.ActiveCfg = PX688R|x64
		{F2195152-2934-41A9-BDEC-8FB73E061F94}.PX688R|x64.Build.0 = PX688R|x64
		{F2195152-2934-41A9-BDEC-8FB73E061F94}.PX688R|x86.ActiveCfg = PX688R|Win32
		{F2195152-2934-41A9-BDEC-8FB73E061F94}.PX688R|x86.Build.0 = PX688R|Win32
		{F2195152-2934-41A9-BDEC-8FB73E061F94}.PXANALOG|x64.ActiveCfg = PXANALOG|x64
		{F2195152-2934-41A9-BDEC-8FB73E061F94}.PXANALOG|x64.Build.0 = PXANALOG|x64
		{F2195152-2934-41A9-BDEC-8FB73E061F94}.PXANALOG|x86.ActiveCfg = PXANALOG|Win32
		{F2195152-2934-41A9-BDEC-8FB73E061F94}.PXANALOG|x86.Build.0 = PXANALOG|Win32
		{F2195152-2934-41A9-BDEC-8FB73E061F94}.RD|x64.ActiveCfg = RD|x64
		{F2195152-2934-41A9-BDEC-8FB73E061F94}.RD|x64.Build.0 = RD|x64
		{F2195152-2934-41A9-BDEC-8FB73E061F94}.RD|x86.ActiveCfg = RD|Win32
		{F2195152-2934-41A9-BDEC-8FB73E061F94}.RD|x86.Build.0 = RD|Win32
		{F2195152-2934-41A9-BDEC-8FB73E061F94}.Release|x64.ActiveCfg = Release|x64
		{F2195152-2934-41A9-BDEC-8FB73E061F94}.Release|x64.Build.0 = Release|x64
		{F2195152-2934-41A9-BDEC-8FB73E061F94}.Release|x86.ActiveCfg = Release|Win32
		{F2195152-2934-41A9-BDEC-8FB73E061F94}.VCNL_DEMO|x64.ActiveCfg = PX318J|x64
		{F2195152-2934-41A9-BDEC-8FB73E061F94}.VCNL_DEMO|x64.Build.0 = PX318J|x64
		{F2195152-2934-41A9-BDEC-8FB73E061F94}.VCNL_DEMO|x86.ActiveCfg = VCNL_DEMO|Win32
	EndGlobalSection
	GlobalSection(SolutionProperties) = preSolution
		HideSolutionNode = FALSE
	EndGlobalSection
	GlobalSection(ExtensibilityGlobals) = postSolution
		SolutionGuid = {F168EBFE-FB72-4D17-8A6D-54BC005F50CE}
	EndGlobalSection
	GlobalSection(Performance) = preSolution
		HasPerformanceSessions = true
	EndGlobalSection
EndGlobal
